
Microsoft Visual Studio Solution File, Format Version 12.00
# Visual Studio Version 17
VisualStudioVersion = 17.10.35013.160
MinimumVisualStudioVersion = 10.0.40219.1
Project("{2150E333-8FDC-42A3-9474-1A3956D46DE8}") = "src", "src", "{9C3402AA-3125-4ED9-9EB7-96F9EC946CCC}"
EndProject
Project("{2150E333-8FDC-42A3-9474-1A3956D46DE8}") = "test", "test", "{C38A7816-BCC1-4623-9863-BF54A56CE6BA}"
EndProject
Project("{2150E333-8FDC-42A3-9474-1A3956D46DE8}") = "APIs", "APIs", "{65FB868E-B65E-41EE-AB0B-9A92F0DB9326}"
EndProject
Project("{9A19103F-16F7-4668-BE54-9A1E7A4F7556}") = "APIs", "APIs\APIs.csproj", "{C45D1263-ADA3-4FBE-9B95-7C236B6C04A2}"
EndProject
Project("{9A19103F-16F7-4668-BE54-9A1E7A4F7556}") = "Controller", "Controller\Controller.csproj", "{A6D819AC-DD50-48EA-86AF-1F766E2411EB}"
EndProject
Project("{2150E333-8FDC-42A3-9474-1A3956D46DE8}") = "Core", "Core", "{91A629DE-7835-420D-9EA0-D2DD274F5C91}"
EndProject
Project("{9A19103F-16F7-4668-BE54-9A1E7A4F7556}") = "Domain", "Domain\Domain.csproj", "{97149120-57E2-4E04-AA7B-D2946646A620}"
EndProject
Project("{9A19103F-16F7-4668-BE54-9A1E7A4F7556}") = "Application", "Application\Application.csproj", "{6C4FCF99-CA7B-4600-A7D1-6A456AA8F2C8}"
EndProject
Project("{9A19103F-16F7-4668-BE54-9A1E7A4F7556}") = "Application.Abstraction", "Application.Abstraction\Application.Abstraction.csproj", "{B9ED8B6B-3FA6-4D79-93B2-9B179DE74B9A}"
EndProject
Project("{2150E333-8FDC-42A3-9474-1A3956D46DE8}") = "Infrastructure", "Infrastructure", "{F7882804-DD0A-4B84-A0AE-9956618E54BD}"
EndProject
Project("{9A19103F-16F7-4668-BE54-9A1E7A4F7556}") = "Infrastructure", "Infrastructure\Infrastructure.csproj", "{1B071948-B301-425D-8AE1-69D01A118E60}"
EndProject
Project("{9A19103F-16F7-4668-BE54-9A1E7A4F7556}") = "Infrastructure.Persistence", "Infrastructure.Persistence\Infrastructure.Persistence.csproj", "{3AC6B7C6-1EA8-4ABA-83D9-8C266F2F3341}"
EndProject
Project("{2150E333-8FDC-42A3-9474-1A3956D46DE8}") = "UI", "UI", "{72C363A6-073B-4DB6-B236-5952896A025F}"
EndProject
Project("{2150E333-8FDC-42A3-9474-1A3956D46DE8}") = "Client", "Client", "{A19A21F4-3E83-4130-9771-B1F70239FFBB}"
EndProject
Project("{2150E333-8FDC-42A3-9474-1A3956D46DE8}") = "Dashboard", "Dashboard", "{915ADBA0-69EA-49C5-A406-A670A41760AC}"
EndProject
Project("{9A19103F-16F7-4668-BE54-9A1E7A4F7556}") = "Dashboard", "Dashboard\Dashboard.csproj", "{95778207-A1C8-4A5B-A6E6-A11CE13C7207}"
EndProject
Global
	GlobalSection(SolutionConfigurationPlatforms) = preSolution
		Debug|Any CPU = Debug|Any CPU
		Release|Any CPU = Release|Any CPU
	EndGlobalSection
	GlobalSection(ProjectConfigurationPlatforms) = postSolution
		{C45D1263-ADA3-4FBE-9B95-7C236B6C04A2}.Debug|Any CPU.ActiveCfg = Debug|Any CPU
		{C45D1263-ADA3-4FBE-9B95-7C236B6C04A2}.Debug|Any CPU.Build.0 = Debug|Any CPU
		{C45D1263-ADA3-4FBE-9B95-7C236B6C04A2}.Release|Any CPU.ActiveCfg = Release|Any CPU
		{C45D1263-ADA3-4FBE-9B95-7C236B6C04A2}.Release|Any CPU.Build.0 = Release|Any CPU
		{A6D819AC-DD50-48EA-86AF-1F766E2411EB}.Debug|Any CPU.ActiveCfg = Debug|Any CPU
		{A6D819AC-DD50-48EA-86AF-1F766E2411EB}.Debug|Any CPU.Build.0 = Debug|Any CPU
		{A6D819AC-DD50-48EA-86AF-1F766E2411EB}.Release|Any CPU.ActiveCfg = Release|Any CPU
		{A6D819AC-DD50-48EA-86AF-1F766E2411EB}.Release|Any CPU.Build.0 = Release|Any CPU
		{97149120-57E2-4E04-AA7B-D2946646A620}.Debug|Any CPU.ActiveCfg = Debug|Any CPU
		{97149120-57E2-4E04-AA7B-D2946646A620}.Debug|Any CPU.Build.0 = Debug|Any CPU
		{97149120-57E2-4E04-AA7B-D2946646A620}.Release|Any CPU.ActiveCfg = Release|Any CPU
		{97149120-57E2-4E04-AA7B-D2946646A620}.Release|Any CPU.Build.0 = Release|Any CPU
		{6C4FCF99-CA7B-4600-A7D1-6A456AA8F2C8}.Debug|Any CPU.ActiveCfg = Debug|Any CPU
		{6C4FCF99-CA7B-4600-A7D1-6A456AA8F2C8}.Debug|Any CPU.Build.0 = Debug|Any CPU
		{6C4FCF99-CA7B-4600-A7D1-6A456AA8F2C8}.Release|Any CPU.ActiveCfg = Release|Any CPU
		{6C4FCF99-CA7B-4600-A7D1-6A456AA8F2C8}.Release|Any CPU.Build.0 = Release|Any CPU
		{B9ED8B6B-3FA6-4D79-93B2-9B179DE74B9A}.Debug|Any CPU.ActiveCfg = Debug|Any CPU
		{B9ED8B6B-3FA6-4D79-93B2-9B179DE74B9A}.Debug|Any CPU.Build.0 = Debug|Any CPU
		{B9ED8B6B-3FA6-4D79-93B2-9B179DE74B9A}.Release|Any CPU.ActiveCfg = Release|Any CPU
		{B9ED8B6B-3FA6-4D79-93B2-9B179DE74B9A}.Release|Any CPU.Build.0 = Release|Any CPU
		{1B071948-B301-425D-8AE1-69D01A118E60}.Debug|Any CPU.ActiveCfg = Debug|Any CPU
		{1B071948-B301-425D-8AE1-69D01A118E60}.Debug|Any CPU.Build.0 = Debug|Any CPU
		{1B071948-B301-425D-8AE1-69D01A118E60}.Release|Any CPU.ActiveCfg = Release|Any CPU
		{1B071948-B301-425D-8AE1-69D01A118E60}.Release|Any CPU.Build.0 = Release|Any CPU
		{3AC6B7C6-1EA8-4ABA-83D9-8C266F2F3341}.Debug|Any CPU.ActiveCfg = Debug|Any CPU
		{3AC6B7C6-1EA8-4ABA-83D9-8C266F2F3341}.Debug|Any CPU.Build.0 = Debug|Any CPU
		{3AC6B7C6-1EA8-4ABA-83D9-8C266F2F3341}.Release|Any CPU.ActiveCfg = Release|Any CPU
		{3AC6B7C6-1EA8-4ABA-83D9-8C266F2F3341}.Release|Any CPU.Build.0 = Release|Any CPU
		{95778207-A1C8-4A5B-A6E6-A11CE13C7207}.Debug|Any CPU.ActiveCfg = Debug|Any CPU
		{95778207-A1C8-4A5B-A6E6-A11CE13C7207}.Debug|Any CPU.Build.0 = Debug|Any CPU
		{95778207-A1C8-4A5B-A6E6-A11CE13C7207}.Release|Any CPU.ActiveCfg = Release|Any CPU
		{95778207-A1C8-4A5B-A6E6-A11CE13C7207}.Release|Any CPU.Build.0 = Release|Any CPU
	EndGlobalSection
	GlobalSection(SolutionProperties) = preSolution
		HideSolutionNode = FALSE
	EndGlobalSection
	GlobalSection(NestedProjects) = preSolution
		{65FB868E-B65E-41EE-AB0B-9A92F0DB9326} = {9C3402AA-3125-4ED9-9EB7-96F9EC946CCC}
		{C45D1263-ADA3-4FBE-9B95-7C236B6C04A2} = {65FB868E-B65E-41EE-AB0B-9A92F0DB9326}
		{A6D819AC-DD50-48EA-86AF-1F766E2411EB} = {65FB868E-B65E-41EE-AB0B-9A92F0DB9326}
		{91A629DE-7835-420D-9EA0-D2DD274F5C91} = {9C3402AA-3125-4ED9-9EB7-96F9EC946CCC}
		{97149120-57E2-4E04-AA7B-D2946646A620} = {91A629DE-7835-420D-9EA0-D2DD274F5C91}
		{6C4FCF99-CA7B-4600-A7D1-6A456AA8F2C8} = {91A629DE-7835-420D-9EA0-D2DD274F5C91}
		{B9ED8B6B-3FA6-4D79-93B2-9B179DE74B9A} = {91A629DE-7835-420D-9EA0-D2DD274F5C91}
		{F7882804-DD0A-4B84-A0AE-9956618E54BD} = {9C3402AA-3125-4ED9-9EB7-96F9EC946CCC}
		{1B071948-B301-425D-8AE1-69D01A118E60} = {F7882804-DD0A-4B84-A0AE-9956618E54BD}
		{3AC6B7C6-1EA8-4ABA-83D9-8C266F2F3341} = {F7882804-DD0A-4B84-A0AE-9956618E54BD}
		{72C363A6-073B-4DB6-B236-5952896A025F} = {9C3402AA-3125-4ED9-9EB7-96F9EC946CCC}
		{A19A21F4-3E83-4130-9771-B1F70239FFBB} = {72C363A6-073B-4DB6-B236-5952896A025F}
		{915ADBA0-69EA-49C5-A406-A670A41760AC} = {72C363A6-073B-4DB6-B236-5952896A025F}
		{95778207-A1C8-4A5B-A6E6-A11CE13C7207} = {915ADBA0-69EA-49C5-A406-A670A41760AC}
	EndGlobalSection
	GlobalSection(ExtensibilityGlobals) = postSolution
		SolutionGuid = {F5C38975-748E-464D-9C71-3B479F995F31}
	EndGlobalSection
EndGlobal
